
Microsoft Visual Studio Solution File, Format Version 12.00
# Visual Studio Version 17
VisualStudioVersion = 17.10.35013.160
MinimumVisualStudioVersion = 10.0.40219.1
Project("{9A19103F-16F7-4668-BE54-9A1E7A4F7556}") = "FiapTechChallengeApi", "FiapTechChallenge\FiapTechChallengeApi.csproj", "{A46EEFF3-6FF6-4F0B-9112-CB34E71FADAE}"
EndProject
Project("{9A19103F-16F7-4668-BE54-9A1E7A4F7556}") = "Core", "Core\Core.csproj", "{55536137-A206-4C1D-A269-EC746770C131}"
EndProject
Project("{9A19103F-16F7-4668-BE54-9A1E7A4F7556}") = "Infrastructure", "Infrastructure\Infrastructure.csproj", "{57E2C7DA-C622-46E0-A404-7775A1A169FF}"
EndProject
Project("{9A19103F-16F7-4668-BE54-9A1E7A4F7556}") = "FiapTechChallenge.Test", "tests\FiapTechChallenge.Test\FiapTechChallenge.Test.csproj", "{928712C3-BD74-44DB-9D72-D36BD72C3BB7}"
EndProject
Project("{FAE04EC0-301F-11D3-BF4B-00C04F79EFBC}") = "Service", "Service\Service.csproj", "{383EAE61-F126-40AF-B7AD-081429E7264F}"
EndProject
Global
	GlobalSection(SolutionConfigurationPlatforms) = preSolution
		Debug|Any CPU = Debug|Any CPU
		Release|Any CPU = Release|Any CPU
	EndGlobalSection
	GlobalSection(ProjectConfigurationPlatforms) = postSolution
		{A46EEFF3-6FF6-4F0B-9112-CB34E71FADAE}.Debug|Any CPU.ActiveCfg = Debug|Any CPU
		{A46EEFF3-6FF6-4F0B-9112-CB34E71FADAE}.Debug|Any CPU.Build.0 = Debug|Any CPU
		{A46EEFF3-6FF6-4F0B-9112-CB34E71FADAE}.Release|Any CPU.ActiveCfg = Release|Any CPU
		{A46EEFF3-6FF6-4F0B-9112-CB34E71FADAE}.Release|Any CPU.Build.0 = Release|Any CPU
		{55536137-A206-4C1D-A269-EC746770C131}.Debug|Any CPU.ActiveCfg = Debug|Any CPU
		{55536137-A206-4C1D-A269-EC746770C131}.Debug|Any CPU.Build.0 = Debug|Any CPU
		{55536137-A206-4C1D-A269-EC746770C131}.Release|Any CPU.ActiveCfg = Release|Any CPU
		{55536137-A206-4C1D-A269-EC746770C131}.Release|Any CPU.Build.0 = Release|Any CPU
		{57E2C7DA-C622-46E0-A404-7775A1A169FF}.Debug|Any CPU.ActiveCfg = Debug|Any CPU
		{57E2C7DA-C622-46E0-A404-7775A1A169FF}.Debug|Any CPU.Build.0 = Debug|Any CPU
		{57E2C7DA-C622-46E0-A404-7775A1A169FF}.Release|Any CPU.ActiveCfg = Release|Any CPU
		{57E2C7DA-C622-46E0-A404-7775A1A169FF}.Release|Any CPU.Build.0 = Release|Any CPU
		{928712C3-BD74-44DB-9D72-D36BD72C3BB7}.Debug|Any CPU.ActiveCfg = Debug|Any CPU
		{928712C3-BD74-44DB-9D72-D36BD72C3BB7}.Debug|Any CPU.Build.0 = Debug|Any CPU
		{928712C3-BD74-44DB-9D72-D36BD72C3BB7}.Release|Any CPU.ActiveCfg = Release|Any CPU
		{928712C3-BD74-44DB-9D72-D36BD72C3BB7}.Release|Any CPU.Build.0 = Release|Any CPU
		{383EAE61-F126-40AF-B7AD-081429E7264F}.Debug|Any CPU.ActiveCfg = Debug|Any CPU
		{383EAE61-F126-40AF-B7AD-081429E7264F}.Debug|Any CPU.Build.0 = Debug|Any CPU
		{383EAE61-F126-40AF-B7AD-081429E7264F}.Release|Any CPU.ActiveCfg = Release|Any CPU
		{383EAE61-F126-40AF-B7AD-081429E7264F}.Release|Any CPU.Build.0 = Release|Any CPU
	EndGlobalSection
	GlobalSection(SolutionProperties) = preSolution
		HideSolutionNode = FALSE
	EndGlobalSection
	GlobalSection(ExtensibilityGlobals) = postSolution
		SolutionGuid = {49E28BBB-B96A-4D32-86C2-89DC9975E6B6}
	EndGlobalSection
EndGlobal
